
Microsoft Visual Studio Solution File, Format Version 12.00
# Visual Studio Version 16
VisualStudioVersion = 16.0.30114.105
MinimumVisualStudioVersion = 10.0.40219.1
Project("{FAE04EC0-301F-11D3-BF4B-00C04F79EFBC}") = "API", "API\API.csproj", "{9483F3B6-86AA-4CE6-8916-F48067978D39}"
EndProject
Project("{FAE04EC0-301F-11D3-BF4B-00C04F79EFBC}") = "Core", "Core\Core.csproj", "{3EF108BB-0072-4180-B3F9-A9AB3E12C4C9}"
EndProject
Project("{FAE04EC0-301F-11D3-BF4B-00C04F79EFBC}") = "Infrastructure", "Infrastructure\Infrastructure.csproj", "{EC1A0A66-B089-4670-AAE6-6885F06F2326}"
EndProject
Global
	GlobalSection(SolutionConfigurationPlatforms) = preSolution
		Debug|Any CPU = Debug|Any CPU
		Debug|x64 = Debug|x64
		Debug|x86 = Debug|x86
		Release|Any CPU = Release|Any CPU
		Release|x64 = Release|x64
		Release|x86 = Release|x86
	EndGlobalSection
	GlobalSection(SolutionProperties) = preSolution
		HideSolutionNode = FALSE
	EndGlobalSection
	GlobalSection(ProjectConfigurationPlatforms) = postSolution
		{9483F3B6-86AA-4CE6-8916-F48067978D39}.Debug|Any CPU.ActiveCfg = Debug|Any CPU
		{9483F3B6-86AA-4CE6-8916-F48067978D39}.Debug|Any CPU.Build.0 = Debug|Any CPU
		{9483F3B6-86AA-4CE6-8916-F48067978D39}.Debug|x64.ActiveCfg = Debug|Any CPU
		{9483F3B6-86AA-4CE6-8916-F48067978D39}.Debug|x64.Build.0 = Debug|Any CPU
		{9483F3B6-86AA-4CE6-8916-F48067978D39}.Debug|x86.ActiveCfg = Debug|Any CPU
		{9483F3B6-86AA-4CE6-8916-F48067978D39}.Debug|x86.Build.0 = Debug|Any CPU
		{9483F3B6-86AA-4CE6-8916-F48067978D39}.Release|Any CPU.ActiveCfg = Release|Any CPU
		{9483F3B6-86AA-4CE6-8916-F48067978D39}.Release|Any CPU.Build.0 = Release|Any CPU
		{9483F3B6-86AA-4CE6-8916-F48067978D39}.Release|x64.ActiveCfg = Release|Any CPU
		{9483F3B6-86AA-4CE6-8916-F48067978D39}.Release|x64.Build.0 = Release|Any CPU
		{9483F3B6-86AA-4CE6-8916-F48067978D39}.Release|x86.ActiveCfg = Release|Any CPU
		{9483F3B6-86AA-4CE6-8916-F48067978D39}.Release|x86.Build.0 = Release|Any CPU
		{3EF108BB-0072-4180-B3F9-A9AB3E12C4C9}.Debug|Any CPU.ActiveCfg = Debug|Any CPU
		{3EF108BB-0072-4180-B3F9-A9AB3E12C4C9}.Debug|Any CPU.Build.0 = Debug|Any CPU
		{3EF108BB-0072-4180-B3F9-A9AB3E12C4C9}.Debug|x64.ActiveCfg = Debug|Any CPU
		{3EF108BB-0072-4180-B3F9-A9AB3E12C4C9}.Debug|x64.Build.0 = Debug|Any CPU
		{3EF108BB-0072-4180-B3F9-A9AB3E12C4C9}.Debug|x86.ActiveCfg = Debug|Any CPU
		{3EF108BB-0072-4180-B3F9-A9AB3E12C4C9}.Debug|x86.Build.0 = Debug|Any CPU
		{3EF108BB-0072-4180-B3F9-A9AB3E12C4C9}.Release|Any CPU.ActiveCfg = Release|Any CPU
		{3EF108BB-0072-4180-B3F9-A9AB3E12C4C9}.Release|Any CPU.Build.0 = Release|Any CPU
		{3EF108BB-0072-4180-B3F9-A9AB3E12C4C9}.Release|x64.ActiveCfg = Release|Any CPU
		{3EF108BB-0072-4180-B3F9-A9AB3E12C4C9}.Release|x64.Build.0 = Release|Any CPU
		{3EF108BB-0072-4180-B3F9-A9AB3E12C4C9}.Release|x86.ActiveCfg = Release|Any CPU
		{3EF108BB-0072-4180-B3F9-A9AB3E12C4C9}.Release|x86.Build.0 = Release|Any CPU
		{EC1A0A66-B089-4670-AAE6-6885F06F2326}.Debug|Any CPU.ActiveCfg = Debug|Any CPU
		{EC1A0A66-B089-4670-AAE6-6885F06F2326}.Debug|Any CPU.Build.0 = Debug|Any CPU
		{EC1A0A66-B089-4670-AAE6-6885F06F2326}.Debug|x64.ActiveCfg = Debug|Any CPU
		{EC1A0A66-B089-4670-AAE6-6885F06F2326}.Debug|x64.Build.0 = Debug|Any CPU
		{EC1A0A66-B089-4670-AAE6-6885F06F2326}.Debug|x86.ActiveCfg = Debug|Any CPU
		{EC1A0A66-B089-4670-AAE6-6885F06F2326}.Debug|x86.Build.0 = Debug|Any CPU
		{EC1A0A66-B089-4670-AAE6-6885F06F2326}.Release|Any CPU.ActiveCfg = Release|Any CPU
		{EC1A0A66-B089-4670-AAE6-6885F06F2326}.Release|Any CPU.Build.0 = Release|Any CPU
		{EC1A0A66-B089-4670-AAE6-6885F06F2326}.Release|x64.ActiveCfg = Release|Any CPU
		{EC1A0A66-B089-4670-AAE6-6885F06F2326}.Release|x64.Build.0 = Release|Any CPU
		{EC1A0A66-B089-4670-AAE6-6885F06F2326}.Release|x86.ActiveCfg = Release|Any CPU
		{EC1A0A66-B089-4670-AAE6-6885F06F2326}.Release|x86.Build.0 = Release|Any CPU
	EndGlobalSection
EndGlobal
